
Microsoft Visual Studio Solution File, Format Version 12.00
# Visual Studio Version 16
VisualStudioVersion = 16.0.29521.150
MinimumVisualStudioVersion = 10.0.40219.1
Project("{8BC9CEB8-8B4A-11D0-8D11-00A0C91BC942}") = "ThreateningYeti", "ThreateningYeti\ThreateningYeti.vcxproj", "{E2F0BAF0-EA68-412F-8AD6-046E85B9F853}"
EndProject
Project("{8BC9CEB8-8B4A-11D0-8D11-00A0C91BC942}") = "YetiLoader", "YetiLoader\YetiLoader.vcxproj", "{15B9E995-0AC1-4B79-A24E-CBC03DDA2FCD}"
EndProject
Global
	GlobalSection(SolutionConfigurationPlatforms) = preSolution
		Debug|x64 = Debug|x64
		Debug|x86 = Debug|x86
		Release|x64 = Release|x64
		Release|x86 = Release|x86
	EndGlobalSection
	GlobalSection(ProjectConfigurationPlatforms) = postSolution
		{E2F0BAF0-EA68-412F-8AD6-046E85B9F853}.Debug|x64.ActiveCfg = Debug|x64
		{E2F0BAF0-EA68-412F-8AD6-046E85B9F853}.Debug|x64.Build.0 = Debug|x64
		{E2F0BAF0-EA68-412F-8AD6-046E85B9F853}.Debug|x86.ActiveCfg = Debug|Win32
		{E2F0BAF0-EA68-412F-8AD6-046E85B9F853}.Debug|x86.Build.0 = Debug|Win32
		{E2F0BAF0-EA68-412F-8AD6-046E85B9F853}.Release|x64.ActiveCfg = Release|x64
		{E2F0BAF0-EA68-412F-8AD6-046E85B9F853}.Release|x64.Build.0 = Release|x64
		{E2F0BAF0-EA68-412F-8AD6-046E85B9F853}.Release|x86.ActiveCfg = Release|Win32
		{E2F0BAF0-EA68-412F-8AD6-046E85B9F853}.Release|x86.Build.0 = Release|Win32
		{15B9E995-0AC1-4B79-A24E-CBC03DDA2FCD}.Debug|x64.ActiveCfg = Debug|x64
		{15B9E995-0AC1-4B79-A24E-CBC03DDA2FCD}.Debug|x64.Build.0 = Debug|x64
		{15B9E995-0AC1-4B79-A24E-CBC03DDA2FCD}.Debug|x86.ActiveCfg = Debug|Win32
		{15B9E995-0AC1-4B79-A24E-CBC03DDA2FCD}.Debug|x86.Build.0 = Debug|Win32
		{15B9E995-0AC1-4B79-A24E-CBC03DDA2FCD}.Release|x64.ActiveCfg = Release|x64
		{15B9E995-0AC1-4B79-A24E-CBC03DDA2FCD}.Release|x64.Build.0 = Release|x64
		{15B9E995-0AC1-4B79-A24E-CBC03DDA2FCD}.Release|x86.ActiveCfg = Release|Win32
		{15B9E995-0AC1-4B79-A24E-CBC03DDA2FCD}.Release|x86.Build.0 = Release|Win32
	EndGlobalSection
	GlobalSection(SolutionProperties) = preSolution
		HideSolutionNode = FALSE
	EndGlobalSection
	GlobalSection(ExtensibilityGlobals) = postSolution
		SolutionGuid = {C025400A-1D0F-49B1-91C7-3E937BFB1D31}
	EndGlobalSection
EndGlobal
